
Microsoft Visual Studio Solution File, Format Version 12.00
# Visual Studio Version 16
VisualStudioVersion = 16.0.29123.88
MinimumVisualStudioVersion = 10.0.40219.1
Project("{FAE04EC0-301F-11D3-BF4B-00C04F79EFBC}") = "MainWebApp", "MainWebApp\MainWebApp.csproj", "{3D2C2E1C-5C97-4424-9BAF-0B3EA3BB911A}"
EndProject
Project("{FAE04EC0-301F-11D3-BF4B-00C04F79EFBC}") = "UsbReleMainApp", "UsbReleMainApp\UsbReleMainApp.csproj", "{F5A20750-CBFF-4BD2-9536-25508C531F01}"
EndProject
Global
	GlobalSection(SolutionConfigurationPlatforms) = preSolution
		Debug|Any CPU = Debug|Any CPU
		Release|Any CPU = Release|Any CPU
	EndGlobalSection
	GlobalSection(ProjectConfigurationPlatforms) = postSolution
		{3D2C2E1C-5C97-4424-9BAF-0B3EA3BB911A}.Debug|Any CPU.ActiveCfg = Debug|Any CPU
		{3D2C2E1C-5C97-4424-9BAF-0B3EA3BB911A}.Debug|Any CPU.Build.0 = Debug|Any CPU
		{3D2C2E1C-5C97-4424-9BAF-0B3EA3BB911A}.Release|Any CPU.ActiveCfg = Release|Any CPU
		{3D2C2E1C-5C97-4424-9BAF-0B3EA3BB911A}.Release|Any CPU.Build.0 = Release|Any CPU
		{F5A20750-CBFF-4BD2-9536-25508C531F01}.Debug|Any CPU.ActiveCfg = Debug|Any CPU
		{F5A20750-CBFF-4BD2-9536-25508C531F01}.Debug|Any CPU.Build.0 = Debug|Any CPU
		{F5A20750-CBFF-4BD2-9536-25508C531F01}.Release|Any CPU.ActiveCfg = Release|Any CPU
		{F5A20750-CBFF-4BD2-9536-25508C531F01}.Release|Any CPU.Build.0 = Release|Any CPU
	EndGlobalSection
	GlobalSection(SolutionProperties) = preSolution
		HideSolutionNode = FALSE
	EndGlobalSection
	GlobalSection(ExtensibilityGlobals) = postSolution
		SolutionGuid = {2D1ECD2E-3200-41BC-AC42-576C66F62EA2}
	EndGlobalSection
EndGlobal
